
Microsoft Visual Studio Solution File, Format Version 12.00
# Visual Studio Version 17
VisualStudioVersion = 17.6.33815.320
MinimumVisualStudioVersion = 10.0.40219.1
Project("{2150E333-8FDC-42A3-9474-1A3956D46DE8}") = "1_PresentationLayer", "1_PresentationLayer", "{FB88D187-B3F5-4A8C-B4BF-693456C2C82F}"
EndProject
Project("{2150E333-8FDC-42A3-9474-1A3956D46DE8}") = "3_BusinnessLayer", "3_BusinnessLayer", "{1CB4C324-C56A-4772-92FA-6692E1C5E801}"
EndProject
Project("{2150E333-8FDC-42A3-9474-1A3956D46DE8}") = "4_DataLayer", "4_DataLayer", "{75BE1471-901A-421E-916E-F205C7B60862}"
EndProject
Project("{2150E333-8FDC-42A3-9474-1A3956D46DE8}") = "UserInterface", "UserInterface", "{118AFAD7-6AA8-42CF-A3AE-918527572473}"
EndProject
Project("{2150E333-8FDC-42A3-9474-1A3956D46DE8}") = "UserInterfaceWebApi", "UserInterfaceWebApi", "{B6599258-EBC3-4F76-899B-7BD3F06CE1D8}"
EndProject
Project("{2150E333-8FDC-42A3-9474-1A3956D46DE8}") = "BusinessEntities", "BusinessEntities", "{BD37CDDA-7A25-4F6B-82FB-3926EFA6144C}"
EndProject
Project("{2150E333-8FDC-42A3-9474-1A3956D46DE8}") = "DataAccess", "DataAccess", "{0D3FE77A-4E41-45BE-AC6E-37ADA9B67406}"
EndProject
Project("{2150E333-8FDC-42A3-9474-1A3956D46DE8}") = "Databases", "Databases", "{37542633-1B92-42EE-95B2-D1DC2DE096A3}"
EndProject
Project("{00D1A9C2-B5F0-4AF3-8072-F6C62B433612}") = "Noticias", "Noticias\Noticias.sqlproj", "{3AD37E21-29B8-4BDB-8542-84101C34610D}"
EndProject
Project("{FAE04EC0-301F-11D3-BF4B-00C04F79EFBC}") = "NoticiasDataAccess", "NoticiasDataAccess\NoticiasDataAccess.csproj", "{6B36EC73-AA96-4F55-AB29-BD0287210B92}"
EndProject
Project("{FAE04EC0-301F-11D3-BF4B-00C04F79EFBC}") = "NoticiasBusinessEntities", "NoticiasBusinessEntities\NoticiasBusinessEntities.csproj", "{8672F42D-7DF1-4283-A5AF-4C6BAB5BC831}"
EndProject
Project("{2150E333-8FDC-42A3-9474-1A3956D46DE8}") = "Cross-Cutting", "Cross-Cutting", "{3FC3737A-5347-4A47-8542-DBF3066DEC2E}"
EndProject
Project("{FAE04EC0-301F-11D3-BF4B-00C04F79EFBC}") = "NoticiasMethodParameters", "NoticiasMethodParameters\NoticiasMethodParameters.csproj", "{00CD612D-C0E5-496A-8FED-2A2267B66994}"
EndProject
Project("{2150E333-8FDC-42A3-9474-1A3956D46DE8}") = "BusinessComponents", "BusinessComponents", "{370667E0-EA3D-4499-8FFF-F1A1B86A75D7}"
EndProject
Project("{FAE04EC0-301F-11D3-BF4B-00C04F79EFBC}") = "NoticiasBusinessComponents", "NoticiasBusinessComponents\NoticiasBusinessComponents.csproj", "{03614C08-92D6-4B9E-A742-DAD7AF945427}"
EndProject
Project("{FAE04EC0-301F-11D3-BF4B-00C04F79EFBC}") = "NoticiasInterfaces", "NoticiasInterfaces\NoticiasInterfaces.csproj", "{8C4EC63E-8CF2-4EDA-8A7D-67F04CDBF7ED}"
EndProject
Project("{2150E333-8FDC-42A3-9474-1A3956D46DE8}") = "2_ServicesLayer", "2_ServicesLayer", "{D0183EE9-DDB4-4155-8361-3945DAD400B2}"
EndProject
Project("{2150E333-8FDC-42A3-9474-1A3956D46DE8}") = "Services", "Services", "{832A6668-C7D7-4910-A84A-4F9A61FAE267}"
EndProject
Project("{FAE04EC0-301F-11D3-BF4B-00C04F79EFBC}") = "NoticiasServices", "NoticiasServices\NoticiasServices.csproj", "{E125A16C-B231-47D1-982D-EA45E4BE3FB7}"
EndProject
Project("{2150E333-8FDC-42A3-9474-1A3956D46DE8}") = "ServiceHost", "ServiceHost", "{7E23F717-5CE0-449C-A188-6CDDB169764F}"
EndProject
Project("{FAE04EC0-301F-11D3-BF4B-00C04F79EFBC}") = "NoticiasServiceHost", "NoticiasServiceHost\NoticiasServiceHost.csproj", "{4044CB7B-992D-4A1C-B07D-855423B70E10}"
EndProject
Project("{FAE04EC0-301F-11D3-BF4B-00C04F79EFBC}") = "NoticiasWebApi", "NoticiasWebApi\NoticiasWebApi.csproj", "{FF7C9911-C935-41DC-9136-52754AD852D1}"
EndProject
Project("{FAE04EC0-301F-11D3-BF4B-00C04F79EFBC}") = "BackOfficeWebUI", "BackOfficeWebUI\BackOfficeWebUI.csproj", "{2FB85A60-8D13-41B4-9A72-D3DE6FF493E3}"
EndProject
Global
	GlobalSection(SolutionConfigurationPlatforms) = preSolution
		Debug|Any CPU = Debug|Any CPU
		Release|Any CPU = Release|Any CPU
	EndGlobalSection
	GlobalSection(ProjectConfigurationPlatforms) = postSolution
		{3AD37E21-29B8-4BDB-8542-84101C34610D}.Debug|Any CPU.ActiveCfg = Debug|Any CPU
		{3AD37E21-29B8-4BDB-8542-84101C34610D}.Debug|Any CPU.Build.0 = Debug|Any CPU
		{3AD37E21-29B8-4BDB-8542-84101C34610D}.Debug|Any CPU.Deploy.0 = Debug|Any CPU
		{3AD37E21-29B8-4BDB-8542-84101C34610D}.Release|Any CPU.ActiveCfg = Release|Any CPU
		{3AD37E21-29B8-4BDB-8542-84101C34610D}.Release|Any CPU.Build.0 = Release|Any CPU
		{3AD37E21-29B8-4BDB-8542-84101C34610D}.Release|Any CPU.Deploy.0 = Release|Any CPU
		{6B36EC73-AA96-4F55-AB29-BD0287210B92}.Debug|Any CPU.ActiveCfg = Debug|Any CPU
		{6B36EC73-AA96-4F55-AB29-BD0287210B92}.Debug|Any CPU.Build.0 = Debug|Any CPU
		{6B36EC73-AA96-4F55-AB29-BD0287210B92}.Release|Any CPU.ActiveCfg = Release|Any CPU
		{6B36EC73-AA96-4F55-AB29-BD0287210B92}.Release|Any CPU.Build.0 = Release|Any CPU
		{8672F42D-7DF1-4283-A5AF-4C6BAB5BC831}.Debug|Any CPU.ActiveCfg = Debug|Any CPU
		{8672F42D-7DF1-4283-A5AF-4C6BAB5BC831}.Debug|Any CPU.Build.0 = Debug|Any CPU
		{8672F42D-7DF1-4283-A5AF-4C6BAB5BC831}.Release|Any CPU.ActiveCfg = Release|Any CPU
		{8672F42D-7DF1-4283-A5AF-4C6BAB5BC831}.Release|Any CPU.Build.0 = Release|Any CPU
		{00CD612D-C0E5-496A-8FED-2A2267B66994}.Debug|Any CPU.ActiveCfg = Debug|Any CPU
		{00CD612D-C0E5-496A-8FED-2A2267B66994}.Debug|Any CPU.Build.0 = Debug|Any CPU
		{00CD612D-C0E5-496A-8FED-2A2267B66994}.Release|Any CPU.ActiveCfg = Release|Any CPU
		{00CD612D-C0E5-496A-8FED-2A2267B66994}.Release|Any CPU.Build.0 = Release|Any CPU
		{03614C08-92D6-4B9E-A742-DAD7AF945427}.Debug|Any CPU.ActiveCfg = Debug|Any CPU
		{03614C08-92D6-4B9E-A742-DAD7AF945427}.Debug|Any CPU.Build.0 = Debug|Any CPU
		{03614C08-92D6-4B9E-A742-DAD7AF945427}.Release|Any CPU.ActiveCfg = Release|Any CPU
		{03614C08-92D6-4B9E-A742-DAD7AF945427}.Release|Any CPU.Build.0 = Release|Any CPU
		{8C4EC63E-8CF2-4EDA-8A7D-67F04CDBF7ED}.Debug|Any CPU.ActiveCfg = Debug|Any CPU
		{8C4EC63E-8CF2-4EDA-8A7D-67F04CDBF7ED}.Debug|Any CPU.Build.0 = Debug|Any CPU
		{8C4EC63E-8CF2-4EDA-8A7D-67F04CDBF7ED}.Release|Any CPU.ActiveCfg = Release|Any CPU
		{8C4EC63E-8CF2-4EDA-8A7D-67F04CDBF7ED}.Release|Any CPU.Build.0 = Release|Any CPU
		{E125A16C-B231-47D1-982D-EA45E4BE3FB7}.Debug|Any CPU.ActiveCfg = Debug|Any CPU
		{E125A16C-B231-47D1-982D-EA45E4BE3FB7}.Debug|Any CPU.Build.0 = Debug|Any CPU
		{E125A16C-B231-47D1-982D-EA45E4BE3FB7}.Release|Any CPU.ActiveCfg = Release|Any CPU
		{E125A16C-B231-47D1-982D-EA45E4BE3FB7}.Release|Any CPU.Build.0 = Release|Any CPU
		{4044CB7B-992D-4A1C-B07D-855423B70E10}.Debug|Any CPU.ActiveCfg = Debug|Any CPU
		{4044CB7B-992D-4A1C-B07D-855423B70E10}.Debug|Any CPU.Build.0 = Debug|Any CPU
		{4044CB7B-992D-4A1C-B07D-855423B70E10}.Release|Any CPU.ActiveCfg = Release|Any CPU
		{4044CB7B-992D-4A1C-B07D-855423B70E10}.Release|Any CPU.Build.0 = Release|Any CPU
		{FF7C9911-C935-41DC-9136-52754AD852D1}.Debug|Any CPU.ActiveCfg = Debug|Any CPU
		{FF7C9911-C935-41DC-9136-52754AD852D1}.Debug|Any CPU.Build.0 = Debug|Any CPU
		{FF7C9911-C935-41DC-9136-52754AD852D1}.Release|Any CPU.ActiveCfg = Release|Any CPU
		{FF7C9911-C935-41DC-9136-52754AD852D1}.Release|Any CPU.Build.0 = Release|Any CPU
		{2FB85A60-8D13-41B4-9A72-D3DE6FF493E3}.Debug|Any CPU.ActiveCfg = Debug|Any CPU
		{2FB85A60-8D13-41B4-9A72-D3DE6FF493E3}.Debug|Any CPU.Build.0 = Debug|Any CPU
		{2FB85A60-8D13-41B4-9A72-D3DE6FF493E3}.Release|Any CPU.ActiveCfg = Release|Any CPU
		{2FB85A60-8D13-41B4-9A72-D3DE6FF493E3}.Release|Any CPU.Build.0 = Release|Any CPU
	EndGlobalSection
	GlobalSection(SolutionProperties) = preSolution
		HideSolutionNode = FALSE
	EndGlobalSection
	GlobalSection(NestedProjects) = preSolution
		{118AFAD7-6AA8-42CF-A3AE-918527572473} = {FB88D187-B3F5-4A8C-B4BF-693456C2C82F}
		{B6599258-EBC3-4F76-899B-7BD3F06CE1D8} = {FB88D187-B3F5-4A8C-B4BF-693456C2C82F}
		{BD37CDDA-7A25-4F6B-82FB-3926EFA6144C} = {1CB4C324-C56A-4772-92FA-6692E1C5E801}
		{0D3FE77A-4E41-45BE-AC6E-37ADA9B67406} = {75BE1471-901A-421E-916E-F205C7B60862}
		{3AD37E21-29B8-4BDB-8542-84101C34610D} = {37542633-1B92-42EE-95B2-D1DC2DE096A3}
		{6B36EC73-AA96-4F55-AB29-BD0287210B92} = {0D3FE77A-4E41-45BE-AC6E-37ADA9B67406}
		{8672F42D-7DF1-4283-A5AF-4C6BAB5BC831} = {BD37CDDA-7A25-4F6B-82FB-3926EFA6144C}
		{00CD612D-C0E5-496A-8FED-2A2267B66994} = {3FC3737A-5347-4A47-8542-DBF3066DEC2E}
		{370667E0-EA3D-4499-8FFF-F1A1B86A75D7} = {1CB4C324-C56A-4772-92FA-6692E1C5E801}
		{03614C08-92D6-4B9E-A742-DAD7AF945427} = {370667E0-EA3D-4499-8FFF-F1A1B86A75D7}
		{8C4EC63E-8CF2-4EDA-8A7D-67F04CDBF7ED} = {3FC3737A-5347-4A47-8542-DBF3066DEC2E}
		{832A6668-C7D7-4910-A84A-4F9A61FAE267} = {D0183EE9-DDB4-4155-8361-3945DAD400B2}
		{E125A16C-B231-47D1-982D-EA45E4BE3FB7} = {832A6668-C7D7-4910-A84A-4F9A61FAE267}
		{7E23F717-5CE0-449C-A188-6CDDB169764F} = {D0183EE9-DDB4-4155-8361-3945DAD400B2}
		{4044CB7B-992D-4A1C-B07D-855423B70E10} = {7E23F717-5CE0-449C-A188-6CDDB169764F}
		{FF7C9911-C935-41DC-9136-52754AD852D1} = {B6599258-EBC3-4F76-899B-7BD3F06CE1D8}
		{2FB85A60-8D13-41B4-9A72-D3DE6FF493E3} = {118AFAD7-6AA8-42CF-A3AE-918527572473}
	EndGlobalSection
	GlobalSection(ExtensibilityGlobals) = postSolution
		SolutionGuid = {7DEC1E78-31E5-40E2-ABF4-E86A81FE4866}
	EndGlobalSection
EndGlobal
